
Microsoft Visual Studio Solution File, Format Version 12.00
# Visual Studio Version 16
VisualStudioVersion = 16.0.30413.136
MinimumVisualStudioVersion = 10.0.40219.1
Project("{FAE04EC0-301F-11D3-BF4B-00C04F79EFBC}") = "ConsoleSpel1", "ConsoleSpel1\ConsoleSpel1.csproj", "{B119587E-B21B-48A8-8618-5FEE82CB5470}"
EndProject
Global
	GlobalSection(SolutionConfigurationPlatforms) = preSolution
		Debug|Any CPU = Debug|Any CPU
		Release|Any CPU = Release|Any CPU
	EndGlobalSection
	GlobalSection(ProjectConfigurationPlatforms) = postSolution
		{B119587E-B21B-48A8-8618-5FEE82CB5470}.Debug|Any CPU.ActiveCfg = Debug|Any CPU
		{B119587E-B21B-48A8-8618-5FEE82CB5470}.Debug|Any CPU.Build.0 = Debug|Any CPU
		{B119587E-B21B-48A8-8618-5FEE82CB5470}.Release|Any CPU.ActiveCfg = Release|Any CPU
		{B119587E-B21B-48A8-8618-5FEE82CB5470}.Release|Any CPU.Build.0 = Release|Any CPU
	EndGlobalSection
	GlobalSection(SolutionProperties) = preSolution
		HideSolutionNode = FALSE
	EndGlobalSection
	GlobalSection(ExtensibilityGlobals) = postSolution
		SolutionGuid = {BB323886-2CB7-4AE3-BE64-75989B00CE03}
	EndGlobalSection
EndGlobal
